
Microsoft Visual Studio Solution File, Format Version 12.00
# Visual Studio Version 16
VisualStudioVersion = 16.0.29709.97
MinimumVisualStudioVersion = 10.0.40219.1
Project("{FAE04EC0-301F-11D3-BF4B-00C04F79EFBC}") = "CharacterCreatorProgram", "CharacterCreatorProgram.csproj", "{34DE4A68-5311-472C-A997-DDC024050911}"
EndProject
Global
	GlobalSection(SolutionConfigurationPlatforms) = preSolution
		Debug|Any CPU = Debug|Any CPU
		Release|Any CPU = Release|Any CPU
	EndGlobalSection
	GlobalSection(ProjectConfigurationPlatforms) = postSolution
		{34DE4A68-5311-472C-A997-DDC024050911}.Debug|Any CPU.ActiveCfg = Debug|Any CPU
		{34DE4A68-5311-472C-A997-DDC024050911}.Debug|Any CPU.Build.0 = Debug|Any CPU
		{34DE4A68-5311-472C-A997-DDC024050911}.Release|Any CPU.ActiveCfg = Release|Any CPU
		{34DE4A68-5311-472C-A997-DDC024050911}.Release|Any CPU.Build.0 = Release|Any CPU
	EndGlobalSection
	GlobalSection(SolutionProperties) = preSolution
		HideSolutionNode = FALSE
	EndGlobalSection
	GlobalSection(ExtensibilityGlobals) = postSolution
		SolutionGuid = {686D8417-5AA2-4EDA-9311-4D350DBC573C}
	EndGlobalSection
EndGlobal
